
Microsoft Visual Studio Solution File, Format Version 12.00
# Visual Studio 15
VisualStudioVersion = 15.0.27004.2010
MinimumVisualStudioVersion = 10.0.40219.1
Project("{FAE04EC0-301F-11D3-BF4B-00C04F79EFBC}") = "WeatherApp.Android", "WeatherApp\WeatherApp.Android\WeatherApp.Android.csproj", "{0B14607B-4E0C-4A58-9E9E-9DA699868F20}"
EndProject
Project("{FAE04EC0-301F-11D3-BF4B-00C04F79EFBC}") = "WeatherApp", "WeatherApp\WeatherApp\WeatherApp.csproj", "{E1245AF5-7FF8-4355-A290-3E7A095E6D13}"
EndProject
Project("{FAE04EC0-301F-11D3-BF4B-00C04F79EFBC}") = "WeatherApp.UWP", "WeatherApp\WeatherApp.UWP\WeatherApp.UWP.csproj", "{29F9B67B-D710-42D4-8A8E-39795A9C2B4B}"
EndProject
Project("{FAE04EC0-301F-11D3-BF4B-00C04F79EFBC}") = "WeatherApp.iOS", "WeatherApp\WeatherApp.iOS\WeatherApp.iOS.csproj", "{8D0DC311-6191-489F-8F60-66295925BC38}"
EndProject
Global
	GlobalSection(SolutionConfigurationPlatforms) = preSolution
		Ad-Hoc|Any CPU = Ad-Hoc|Any CPU
		Ad-Hoc|ARM = Ad-Hoc|ARM
		Ad-Hoc|iPhone = Ad-Hoc|iPhone
		Ad-Hoc|iPhoneSimulator = Ad-Hoc|iPhoneSimulator
		Ad-Hoc|x64 = Ad-Hoc|x64
		Ad-Hoc|x86 = Ad-Hoc|x86
		AppStore|Any CPU = AppStore|Any CPU
		AppStore|ARM = AppStore|ARM
		AppStore|iPhone = AppStore|iPhone
		AppStore|iPhoneSimulator = AppStore|iPhoneSimulator
		AppStore|x64 = AppStore|x64
		AppStore|x86 = AppStore|x86
		Debug|Any CPU = Debug|Any CPU
		Debug|ARM = Debug|ARM
		Debug|iPhone = Debug|iPhone
		Debug|iPhoneSimulator = Debug|iPhoneSimulator
		Debug|x64 = Debug|x64
		Debug|x86 = Debug|x86
		Release|Any CPU = Release|Any CPU
		Release|ARM = Release|ARM
		Release|iPhone = Release|iPhone
		Release|iPhoneSimulator = Release|iPhoneSimulator
		Release|x64 = Release|x64
		Release|x86 = Release|x86
	EndGlobalSection
	GlobalSection(ProjectConfigurationPlatforms) = postSolution
		{0B14607B-4E0C-4A58-9E9E-9DA699868F20}.Ad-Hoc|Any CPU.ActiveCfg = Release|Any CPU
		{0B14607B-4E0C-4A58-9E9E-9DA699868F20}.Ad-Hoc|Any CPU.Build.0 = Release|Any CPU
		{0B14607B-4E0C-4A58-9E9E-9DA699868F20}.Ad-Hoc|Any CPU.Deploy.0 = Release|Any CPU
		{0B14607B-4E0C-4A58-9E9E-9DA699868F20}.Ad-Hoc|ARM.ActiveCfg = Release|Any CPU
		{0B14607B-4E0C-4A58-9E9E-9DA699868F20}.Ad-Hoc|ARM.Build.0 = Release|Any CPU
		{0B14607B-4E0C-4A58-9E9E-9DA699868F20}.Ad-Hoc|ARM.Deploy.0 = Release|Any CPU
		{0B14607B-4E0C-4A58-9E9E-9DA699868F20}.Ad-Hoc|iPhone.ActiveCfg = Release|Any CPU
		{0B14607B-4E0C-4A58-9E9E-9DA699868F20}.Ad-Hoc|iPhone.Build.0 = Release|Any CPU
		{0B14607B-4E0C-4A58-9E9E-9DA699868F20}.Ad-Hoc|iPhone.Deploy.0 = Release|Any CPU
		{0B14607B-4E0C-4A58-9E9E-9DA699868F20}.Ad-Hoc|iPhoneSimulator.ActiveCfg = Release|Any CPU
		{0B14607B-4E0C-4A58-9E9E-9DA699868F20}.Ad-Hoc|iPhoneSimulator.Build.0 = Release|Any CPU
		{0B14607B-4E0C-4A58-9E9E-9DA699868F20}.Ad-Hoc|iPhoneSimulator.Deploy.0 = Release|Any CPU
		{0B14607B-4E0C-4A58-9E9E-9DA699868F20}.Ad-Hoc|x64.ActiveCfg = Release|Any CPU
		{0B14607B-4E0C-4A58-9E9E-9DA699868F20}.Ad-Hoc|x64.Build.0 = Release|Any CPU
		{0B14607B-4E0C-4A58-9E9E-9DA699868F20}.Ad-Hoc|x64.Deploy.0 = Release|Any CPU
		{0B14607B-4E0C-4A58-9E9E-9DA699868F20}.Ad-Hoc|x86.ActiveCfg = Release|Any CPU
		{0B14607B-4E0C-4A58-9E9E-9DA699868F20}.Ad-Hoc|x86.Build.0 = Release|Any CPU
		{0B14607B-4E0C-4A58-9E9E-9DA699868F20}.Ad-Hoc|x86.Deploy.0 = Release|Any CPU
		{0B14607B-4E0C-4A58-9E9E-9DA699868F20}.AppStore|Any CPU.ActiveCfg = Release|Any CPU
		{0B14607B-4E0C-4A58-9E9E-9DA699868F20}.AppStore|Any CPU.Build.0 = Release|Any CPU
		{0B14607B-4E0C-4A58-9E9E-9DA699868F20}.AppStore|Any CPU.Deploy.0 = Release|Any CPU
		{0B14607B-4E0C-4A58-9E9E-9DA699868F20}.AppStore|ARM.ActiveCfg = Release|Any CPU
		{0B14607B-4E0C-4A58-9E9E-9DA699868F20}.AppStore|ARM.Build.0 = Release|Any CPU
		{0B14607B-4E0C-4A58-9E9E-9DA699868F20}.AppStore|ARM.Deploy.0 = Release|Any CPU
		{0B14607B-4E0C-4A58-9E9E-9DA699868F20}.AppStore|iPhone.ActiveCfg = Release|Any CPU
		{0B14607B-4E0C-4A58-9E9E-9DA699868F20}.AppStore|iPhone.Build.0 = Release|Any CPU
		{0B14607B-4E0C-4A58-9E9E-9DA699868F20}.AppStore|iPhone.Deploy.0 = Release|Any CPU
		{0B14607B-4E0C-4A58-9E9E-9DA699868F20}.AppStore|iPhoneSimulator.ActiveCfg = Release|Any CPU
		{0B14607B-4E0C-4A58-9E9E-9DA699868F20}.AppStore|iPhoneSimulator.Build.0 = Release|Any CPU
		{0B14607B-4E0C-4A58-9E9E-9DA699868F20}.AppStore|iPhoneSimulator.Deploy.0 = Release|Any CPU
		{0B14607B-4E0C-4A58-9E9E-9DA699868F20}.AppStore|x64.ActiveCfg = Release|Any CPU
		{0B14607B-4E0C-4A58-9E9E-9DA699868F20}.AppStore|x64.Build.0 = Release|Any CPU
		{0B14607B-4E0C-4A58-9E9E-9DA699868F20}.AppStore|x64.Deploy.0 = Release|Any CPU
		{0B14607B-4E0C-4A58-9E9E-9DA699868F20}.AppStore|x86.ActiveCfg = Release|Any CPU
		{0B14607B-4E0C-4A58-9E9E-9DA699868F20}.AppStore|x86.Build.0 = Release|Any CPU
		{0B14607B-4E0C-4A58-9E9E-9DA699868F20}.AppStore|x86.Deploy.0 = Release|Any CPU
		{0B14607B-4E0C-4A58-9E9E-9DA699868F20}.Debug|Any CPU.ActiveCfg = Debug|Any CPU
		{0B14607B-4E0C-4A58-9E9E-9DA699868F20}.Debug|Any CPU.Build.0 = Debug|Any CPU
		{0B14607B-4E0C-4A58-9E9E-9DA699868F20}.Debug|Any CPU.Deploy.0 = Debug|Any CPU
		{0B14607B-4E0C-4A58-9E9E-9DA699868F20}.Debug|ARM.ActiveCfg = Debug|Any CPU
		{0B14607B-4E0C-4A58-9E9E-9DA699868F20}.Debug|ARM.Build.0 = Debug|Any CPU
		{0B14607B-4E0C-4A58-9E9E-9DA699868F20}.Debug|ARM.Deploy.0 = Debug|Any CPU
		{0B14607B-4E0C-4A58-9E9E-9DA699868F20}.Debug|iPhone.ActiveCfg = Debug|Any CPU
		{0B14607B-4E0C-4A58-9E9E-9DA699868F20}.Debug|iPhone.Build.0 = Debug|Any CPU
		{0B14607B-4E0C-4A58-9E9E-9DA699868F20}.Debug|iPhone.Deploy.0 = Debug|Any CPU
		{0B14607B-4E0C-4A58-9E9E-9DA699868F20}.Debug|iPhoneSimulator.ActiveCfg = Debug|Any CPU
		{0B14607B-4E0C-4A58-9E9E-9DA699868F20}.Debug|iPhoneSimulator.Build.0 = Debug|Any CPU
		{0B14607B-4E0C-4A58-9E9E-9DA699868F20}.Debug|iPhoneSimulator.Deploy.0 = Debug|Any CPU
		{0B14607B-4E0C-4A58-9E9E-9DA699868F20}.Debug|x64.ActiveCfg = Debug|Any CPU
		{0B14607B-4E0C-4A58-9E9E-9DA699868F20}.Debug|x64.Build.0 = Debug|Any CPU
		{0B14607B-4E0C-4A58-9E9E-9DA699868F20}.Debug|x64.Deploy.0 = Debug|Any CPU
		{0B14607B-4E0C-4A58-9E9E-9DA699868F20}.Debug|x86.ActiveCfg = Debug|Any CPU
		{0B14607B-4E0C-4A58-9E9E-9DA699868F20}.Debug|x86.Build.0 = Debug|Any CPU
		{0B14607B-4E0C-4A58-9E9E-9DA699868F20}.Debug|x86.Deploy.0 = Debug|Any CPU
		{0B14607B-4E0C-4A58-9E9E-9DA699868F20}.Release|Any CPU.ActiveCfg = Release|Any CPU
		{0B14607B-4E0C-4A58-9E9E-9DA699868F20}.Release|Any CPU.Build.0 = Release|Any CPU
		{0B14607B-4E0C-4A58-9E9E-9DA699868F20}.Release|Any CPU.Deploy.0 = Release|Any CPU
		{0B14607B-4E0C-4A58-9E9E-9DA699868F20}.Release|ARM.ActiveCfg = Release|Any CPU
		{0B14607B-4E0C-4A58-9E9E-9DA699868F20}.Release|ARM.Build.0 = Release|Any CPU
		{0B14607B-4E0C-4A58-9E9E-9DA699868F20}.Release|ARM.Deploy.0 = Release|Any CPU
		{0B14607B-4E0C-4A58-9E9E-9DA699868F20}.Release|iPhone.ActiveCfg = Release|Any CPU
		{0B14607B-4E0C-4A58-9E9E-9DA699868F20}.Release|iPhone.Build.0 = Release|Any CPU
		{0B14607B-4E0C-4A58-9E9E-9DA699868F20}.Release|iPhone.Deploy.0 = Release|Any CPU
		{0B14607B-4E0C-4A58-9E9E-9DA699868F20}.Release|iPhoneSimulator.ActiveCfg = Release|Any CPU
		{0B14607B-4E0C-4A58-9E9E-9DA699868F20}.Release|iPhoneSimulator.Build.0 = Release|Any CPU
		{0B14607B-4E0C-4A58-9E9E-9DA699868F20}.Release|iPhoneSimulator.Deploy.0 = Release|Any CPU
		{0B14607B-4E0C-4A58-9E9E-9DA699868F20}.Release|x64.ActiveCfg = Release|Any CPU
		{0B14607B-4E0C-4A58-9E9E-9DA699868F20}.Release|x64.Build.0 = Release|Any CPU
		{0B14607B-4E0C-4A58-9E9E-9DA699868F20}.Release|x64.Deploy.0 = Release|Any CPU
		{0B14607B-4E0C-4A58-9E9E-9DA699868F20}.Release|x86.ActiveCfg = Release|Any CPU
		{0B14607B-4E0C-4A58-9E9E-9DA699868F20}.Release|x86.Build.0 = Release|Any CPU
		{0B14607B-4E0C-4A58-9E9E-9DA699868F20}.Release|x86.Deploy.0 = Release|Any CPU
		{E1245AF5-7FF8-4355-A290-3E7A095E6D13}.Ad-Hoc|Any CPU.ActiveCfg = Release|Any CPU
		{E1245AF5-7FF8-4355-A290-3E7A095E6D13}.Ad-Hoc|Any CPU.Build.0 = Release|Any CPU
		{E1245AF5-7FF8-4355-A290-3E7A095E6D13}.Ad-Hoc|ARM.ActiveCfg = Release|Any CPU
		{E1245AF5-7FF8-4355-A290-3E7A095E6D13}.Ad-Hoc|ARM.Build.0 = Release|Any CPU
		{E1245AF5-7FF8-4355-A290-3E7A095E6D13}.Ad-Hoc|iPhone.ActiveCfg = Release|Any CPU
		{E1245AF5-7FF8-4355-A290-3E7A095E6D13}.Ad-Hoc|iPhone.Build.0 = Release|Any CPU
		{E1245AF5-7FF8-4355-A290-3E7A095E6D13}.Ad-Hoc|iPhoneSimulator.ActiveCfg = Release|Any CPU
		{E1245AF5-7FF8-4355-A290-3E7A095E6D13}.Ad-Hoc|iPhoneSimulator.Build.0 = Release|Any CPU
		{E1245AF5-7FF8-4355-A290-3E7A095E6D13}.Ad-Hoc|x64.ActiveCfg = Release|Any CPU
		{E1245AF5-7FF8-4355-A290-3E7A095E6D13}.Ad-Hoc|x64.Build.0 = Release|Any CPU
		{E1245AF5-7FF8-4355-A290-3E7A095E6D13}.Ad-Hoc|x86.ActiveCfg = Release|Any CPU
		{E1245AF5-7FF8-4355-A290-3E7A095E6D13}.Ad-Hoc|x86.Build.0 = Release|Any CPU
		{E1245AF5-7FF8-4355-A290-3E7A095E6D13}.AppStore|Any CPU.ActiveCfg = Release|Any CPU
		{E1245AF5-7FF8-4355-A290-3E7A095E6D13}.AppStore|Any CPU.Build.0 = Release|Any CPU
		{E1245AF5-7FF8-4355-A290-3E7A095E6D13}.AppStore|ARM.ActiveCfg = Release|Any CPU
		{E1245AF5-7FF8-4355-A290-3E7A095E6D13}.AppStore|ARM.Build.0 = Release|Any CPU
		{E1245AF5-7FF8-4355-A290-3E7A095E6D13}.AppStore|iPhone.ActiveCfg = Release|Any CPU
		{E1245AF5-7FF8-4355-A290-3E7A095E6D13}.AppStore|iPhone.Build.0 = Release|Any CPU
		{E1245AF5-7FF8-4355-A290-3E7A095E6D13}.AppStore|iPhoneSimulator.ActiveCfg = Release|Any CPU
		{E1245AF5-7FF8-4355-A290-3E7A095E6D13}.AppStore|iPhoneSimulator.Build.0 = Release|Any CPU
		{E1245AF5-7FF8-4355-A290-3E7A095E6D13}.AppStore|x64.ActiveCfg = Release|Any CPU
		{E1245AF5-7FF8-4355-A290-3E7A095E6D13}.AppStore|x64.Build.0 = Release|Any CPU
		{E1245AF5-7FF8-4355-A290-3E7A095E6D13}.AppStore|x86.ActiveCfg = Release|Any CPU
		{E1245AF5-7FF8-4355-A290-3E7A095E6D13}.AppStore|x86.Build.0 = Release|Any CPU
		{E1245AF5-7FF8-4355-A290-3E7A095E6D13}.Debug|Any CPU.ActiveCfg = Debug|Any CPU
		{E1245AF5-7FF8-4355-A290-3E7A095E6D13}.Debug|Any CPU.Build.0 = Debug|Any CPU
		{E1245AF5-7FF8-4355-A290-3E7A095E6D13}.Debug|ARM.ActiveCfg = Debug|Any CPU
		{E1245AF5-7FF8-4355-A290-3E7A095E6D13}.Debug|ARM.Build.0 = Debug|Any CPU
		{E1245AF5-7FF8-4355-A290-3E7A095E6D13}.Debug|iPhone.ActiveCfg = Debug|Any CPU
		{E1245AF5-7FF8-4355-A290-3E7A095E6D13}.Debug|iPhone.Build.0 = Debug|Any CPU
		{E1245AF5-7FF8-4355-A290-3E7A095E6D13}.Debug|iPhoneSimulator.ActiveCfg = Debug|Any CPU
		{E1245AF5-7FF8-4355-A290-3E7A095E6D13}.Debug|iPhoneSimulator.Build.0 = Debug|Any CPU
		{E1245AF5-7FF8-4355-A290-3E7A095E6D13}.Debug|x64.ActiveCfg = Debug|Any CPU
		{E1245AF5-7FF8-4355-A290-3E7A095E6D13}.Debug|x64.Build.0 = Debug|Any CPU
		{E1245AF5-7FF8-4355-A290-3E7A095E6D13}.Debug|x86.ActiveCfg = Debug|Any CPU
		{E1245AF5-7FF8-4355-A290-3E7A095E6D13}.Debug|x86.Build.0 = Debug|Any CPU
		{E1245AF5-7FF8-4355-A290-3E7A095E6D13}.Release|Any CPU.ActiveCfg = Release|Any CPU
		{E1245AF5-7FF8-4355-A290-3E7A095E6D13}.Release|Any CPU.Build.0 = Release|Any CPU
		{E1245AF5-7FF8-4355-A290-3E7A095E6D13}.Release|ARM.ActiveCfg = Release|Any CPU
		{E1245AF5-7FF8-4355-A290-3E7A095E6D13}.Release|ARM.Build.0 = Release|Any CPU
		{E1245AF5-7FF8-4355-A290-3E7A095E6D13}.Release|iPhone.ActiveCfg = Release|Any CPU
		{E1245AF5-7FF8-4355-A290-3E7A095E6D13}.Release|iPhone.Build.0 = Release|Any CPU
		{E1245AF5-7FF8-4355-A290-3E7A095E6D13}.Release|iPhoneSimulator.ActiveCfg = Release|Any CPU
		{E1245AF5-7FF8-4355-A290-3E7A095E6D13}.Release|iPhoneSimulator.Build.0 = Release|Any CPU
		{E1245AF5-7FF8-4355-A290-3E7A095E6D13}.Release|x64.ActiveCfg = Release|Any CPU
		{E1245AF5-7FF8-4355-A290-3E7A095E6D13}.Release|x64.Build.0 = Release|Any CPU
		{E1245AF5-7FF8-4355-A290-3E7A095E6D13}.Release|x86.ActiveCfg = Release|Any CPU
		{E1245AF5-7FF8-4355-A290-3E7A095E6D13}.Release|x86.Build.0 = Release|Any CPU
		{29F9B67B-D710-42D4-8A8E-39795A9C2B4B}.Ad-Hoc|Any CPU.ActiveCfg = Release|x86
		{29F9B67B-D710-42D4-8A8E-39795A9C2B4B}.Ad-Hoc|Any CPU.Build.0 = Release|x86
		{29F9B67B-D710-42D4-8A8E-39795A9C2B4B}.Ad-Hoc|Any CPU.Deploy.0 = Release|x86
		{29F9B67B-D710-42D4-8A8E-39795A9C2B4B}.Ad-Hoc|ARM.ActiveCfg = Release|ARM
		{29F9B67B-D710-42D4-8A8E-39795A9C2B4B}.Ad-Hoc|ARM.Build.0 = Release|ARM
		{29F9B67B-D710-42D4-8A8E-39795A9C2B4B}.Ad-Hoc|ARM.Deploy.0 = Release|ARM
		{29F9B67B-D710-42D4-8A8E-39795A9C2B4B}.Ad-Hoc|iPhone.ActiveCfg = Release|x86
		{29F9B67B-D710-42D4-8A8E-39795A9C2B4B}.Ad-Hoc|iPhone.Build.0 = Release|x86
		{29F9B67B-D710-42D4-8A8E-39795A9C2B4B}.Ad-Hoc|iPhone.Deploy.0 = Release|x86
		{29F9B67B-D710-42D4-8A8E-39795A9C2B4B}.Ad-Hoc|iPhoneSimulator.ActiveCfg = Release|x86
		{29F9B67B-D710-42D4-8A8E-39795A9C2B4B}.Ad-Hoc|iPhoneSimulator.Build.0 = Release|x86
		{29F9B67B-D710-42D4-8A8E-39795A9C2B4B}.Ad-Hoc|iPhoneSimulator.Deploy.0 = Release|x86
		{29F9B67B-D710-42D4-8A8E-39795A9C2B4B}.Ad-Hoc|x64.ActiveCfg = Release|x64
		{29F9B67B-D710-42D4-8A8E-39795A9C2B4B}.Ad-Hoc|x64.Build.0 = Release|x64
		{29F9B67B-D710-42D4-8A8E-39795A9C2B4B}.Ad-Hoc|x64.Deploy.0 = Release|x64
		{29F9B67B-D710-42D4-8A8E-39795A9C2B4B}.Ad-Hoc|x86.ActiveCfg = Release|x86
		{29F9B67B-D710-42D4-8A8E-39795A9C2B4B}.Ad-Hoc|x86.Build.0 = Release|x86
		{29F9B67B-D710-42D4-8A8E-39795A9C2B4B}.Ad-Hoc|x86.Deploy.0 = Release|x86
		{29F9B67B-D710-42D4-8A8E-39795A9C2B4B}.AppStore|Any CPU.ActiveCfg = Release|x86
		{29F9B67B-D710-42D4-8A8E-39795A9C2B4B}.AppStore|Any CPU.Build.0 = Release|x86
		{29F9B67B-D710-42D4-8A8E-39795A9C2B4B}.AppStore|Any CPU.Deploy.0 = Release|x86
		{29F9B67B-D710-42D4-8A8E-39795A9C2B4B}.AppStore|ARM.ActiveCfg = Release|ARM
		{29F9B67B-D710-42D4-8A8E-39795A9C2B4B}.AppStore|ARM.Build.0 = Release|ARM
		{29F9B67B-D710-42D4-8A8E-39795A9C2B4B}.AppStore|ARM.Deploy.0 = Release|ARM
		{29F9B67B-D710-42D4-8A8E-39795A9C2B4B}.AppStore|iPhone.ActiveCfg = Release|x86
		{29F9B67B-D710-42D4-8A8E-39795A9C2B4B}.AppStore|iPhone.Build.0 = Release|x86
		{29F9B67B-D710-42D4-8A8E-39795A9C2B4B}.AppStore|iPhone.Deploy.0 = Release|x86
		{29F9B67B-D710-42D4-8A8E-39795A9C2B4B}.AppStore|iPhoneSimulator.ActiveCfg = Release|x86
		{29F9B67B-D710-42D4-8A8E-39795A9C2B4B}.AppStore|iPhoneSimulator.Build.0 = Release|x86
		{29F9B67B-D710-42D4-8A8E-39795A9C2B4B}.AppStore|iPhoneSimulator.Deploy.0 = Release|x86
		{29F9B67B-D710-42D4-8A8E-39795A9C2B4B}.AppStore|x64.ActiveCfg = Release|x64
		{29F9B67B-D710-42D4-8A8E-39795A9C2B4B}.AppStore|x64.Build.0 = Release|x64
		{29F9B67B-D710-42D4-8A8E-39795A9C2B4B}.AppStore|x64.Deploy.0 = Release|x64
		{29F9B67B-D710-42D4-8A8E-39795A9C2B4B}.AppStore|x86.ActiveCfg = Release|x86
		{29F9B67B-D710-42D4-8A8E-39795A9C2B4B}.AppStore|x86.Build.0 = Release|x86
		{29F9B67B-D710-42D4-8A8E-39795A9C2B4B}.AppStore|x86.Deploy.0 = Release|x86
		{29F9B67B-D710-42D4-8A8E-39795A9C2B4B}.Debug|Any CPU.ActiveCfg = Debug|x86
		{29F9B67B-D710-42D4-8A8E-39795A9C2B4B}.Debug|ARM.ActiveCfg = Debug|ARM
		{29F9B67B-D710-42D4-8A8E-39795A9C2B4B}.Debug|ARM.Build.0 = Debug|ARM
		{29F9B67B-D710-42D4-8A8E-39795A9C2B4B}.Debug|ARM.Deploy.0 = Debug|ARM
		{29F9B67B-D710-42D4-8A8E-39795A9C2B4B}.Debug|iPhone.ActiveCfg = Debug|x86
		{29F9B67B-D710-42D4-8A8E-39795A9C2B4B}.Debug|iPhoneSimulator.ActiveCfg = Debug|x86
		{29F9B67B-D710-42D4-8A8E-39795A9C2B4B}.Debug|x64.ActiveCfg = Debug|x64
		{29F9B67B-D710-42D4-8A8E-39795A9C2B4B}.Debug|x64.Build.0 = Debug|x64
		{29F9B67B-D710-42D4-8A8E-39795A9C2B4B}.Debug|x64.Deploy.0 = Debug|x64
		{29F9B67B-D710-42D4-8A8E-39795A9C2B4B}.Debug|x86.ActiveCfg = Debug|x86
		{29F9B67B-D710-42D4-8A8E-39795A9C2B4B}.Debug|x86.Build.0 = Debug|x86
		{29F9B67B-D710-42D4-8A8E-39795A9C2B4B}.Debug|x86.Deploy.0 = Debug|x86
		{29F9B67B-D710-42D4-8A8E-39795A9C2B4B}.Release|Any CPU.ActiveCfg = Release|x64
		{29F9B67B-D710-42D4-8A8E-39795A9C2B4B}.Release|ARM.ActiveCfg = Release|ARM
		{29F9B67B-D710-42D4-8A8E-39795A9C2B4B}.Release|ARM.Build.0 = Release|ARM
		{29F9B67B-D710-42D4-8A8E-39795A9C2B4B}.Release|ARM.Deploy.0 = Release|ARM
		{29F9B67B-D710-42D4-8A8E-39795A9C2B4B}.Release|iPhone.ActiveCfg = Release|x86
		{29F9B67B-D710-42D4-8A8E-39795A9C2B4B}.Release|iPhoneSimulator.ActiveCfg = Release|x86
		{29F9B67B-D710-42D4-8A8E-39795A9C2B4B}.Release|x64.ActiveCfg = Release|x64
		{29F9B67B-D710-42D4-8A8E-39795A9C2B4B}.Release|x64.Build.0 = Release|x64
		{29F9B67B-D710-42D4-8A8E-39795A9C2B4B}.Release|x64.Deploy.0 = Release|x64
		{29F9B67B-D710-42D4-8A8E-39795A9C2B4B}.Release|x86.ActiveCfg = Release|x86
		{29F9B67B-D710-42D4-8A8E-39795A9C2B4B}.Release|x86.Build.0 = Release|x86
		{29F9B67B-D710-42D4-8A8E-39795A9C2B4B}.Release|x86.Deploy.0 = Release|x86
		{8D0DC311-6191-489F-8F60-66295925BC38}.Ad-Hoc|Any CPU.ActiveCfg = Ad-Hoc|iPhoneSimulator
		{8D0DC311-6191-489F-8F60-66295925BC38}.Ad-Hoc|ARM.ActiveCfg = Ad-Hoc|iPhone
		{8D0DC311-6191-489F-8F60-66295925BC38}.Ad-Hoc|iPhone.ActiveCfg = Ad-Hoc|iPhone
		{8D0DC311-6191-489F-8F60-66295925BC38}.Ad-Hoc|iPhone.Build.0 = Ad-Hoc|iPhone
		{8D0DC311-6191-489F-8F60-66295925BC38}.Ad-Hoc|iPhoneSimulator.ActiveCfg = Ad-Hoc|iPhoneSimulator
		{8D0DC311-6191-489F-8F60-66295925BC38}.Ad-Hoc|iPhoneSimulator.Build.0 = Ad-Hoc|iPhoneSimulator
		{8D0DC311-6191-489F-8F60-66295925BC38}.Ad-Hoc|x64.ActiveCfg = Ad-Hoc|iPhone
		{8D0DC311-6191-489F-8F60-66295925BC38}.Ad-Hoc|x86.ActiveCfg = Ad-Hoc|iPhone
		{8D0DC311-6191-489F-8F60-66295925BC38}.AppStore|Any CPU.ActiveCfg = AppStore|iPhoneSimulator
		{8D0DC311-6191-489F-8F60-66295925BC38}.AppStore|ARM.ActiveCfg = AppStore|iPhone
		{8D0DC311-6191-489F-8F60-66295925BC38}.AppStore|iPhone.ActiveCfg = AppStore|iPhone
		{8D0DC311-6191-489F-8F60-66295925BC38}.AppStore|iPhone.Build.0 = AppStore|iPhone
		{8D0DC311-6191-489F-8F60-66295925BC38}.AppStore|iPhoneSimulator.ActiveCfg = AppStore|iPhoneSimulator
		{8D0DC311-6191-489F-8F60-66295925BC38}.AppStore|iPhoneSimulator.Build.0 = AppStore|iPhoneSimulator
		{8D0DC311-6191-489F-8F60-66295925BC38}.AppStore|x64.ActiveCfg = AppStore|iPhone
		{8D0DC311-6191-489F-8F60-66295925BC38}.AppStore|x86.ActiveCfg = AppStore|iPhone
		{8D0DC311-6191-489F-8F60-66295925BC38}.Debug|Any CPU.ActiveCfg = Debug|iPhoneSimulator
		{8D0DC311-6191-489F-8F60-66295925BC38}.Debug|ARM.ActiveCfg = Debug|iPhone
		{8D0DC311-6191-489F-8F60-66295925BC38}.Debug|iPhone.ActiveCfg = Debug|iPhone
		{8D0DC311-6191-489F-8F60-66295925BC38}.Debug|iPhone.Build.0 = Debug|iPhone
		{8D0DC311-6191-489F-8F60-66295925BC38}.Debug|iPhoneSimulator.ActiveCfg = Debug|iPhoneSimulator
		{8D0DC311-6191-489F-8F60-66295925BC38}.Debug|iPhoneSimulator.Build.0 = Debug|iPhoneSimulator
		{8D0DC311-6191-489F-8F60-66295925BC38}.Debug|x64.ActiveCfg = Debug|iPhone
		{8D0DC311-6191-489F-8F60-66295925BC38}.Debug|x86.ActiveCfg = Debug|iPhone
		{8D0DC311-6191-489F-8F60-66295925BC38}.Release|Any CPU.ActiveCfg = Release|iPhoneSimulator
		{8D0DC311-6191-489F-8F60-66295925BC38}.Release|ARM.ActiveCfg = Release|iPhone
		{8D0DC311-6191-489F-8F60-66295925BC38}.Release|iPhone.ActiveCfg = Release|iPhone
		{8D0DC311-6191-489F-8F60-66295925BC38}.Release|iPhone.Build.0 = Release|iPhone
		{8D0DC311-6191-489F-8F60-66295925BC38}.Release|iPhoneSimulator.ActiveCfg = Release|iPhoneSimulator
		{8D0DC311-6191-489F-8F60-66295925BC38}.Release|iPhoneSimulator.Build.0 = Release|iPhoneSimulator
		{8D0DC311-6191-489F-8F60-66295925BC38}.Release|x64.ActiveCfg = Release|iPhone
		{8D0DC311-6191-489F-8F60-66295925BC38}.Release|x86.ActiveCfg = Release|iPhone
	EndGlobalSection
	GlobalSection(SolutionProperties) = preSolution
		HideSolutionNode = FALSE
	EndGlobalSection
	GlobalSection(ExtensibilityGlobals) = postSolution
		SolutionGuid = {2C2061E3-76FD-45A9-A39B-7C5B63D47EF8}
	EndGlobalSection
EndGlobal
